lockfileVersion: '9.0'

settings:
  autoInstallPeers: true
  excludeLinksFromLockfile: false

importers:

  .:
    dependencies:
      pixelmatch:
        specifier: ^7.1.0
        version: 7.2.0
      playwright-core:
        specifier: ^1.63.0
        version: 1.63.0
      pngjs:
        specifier: ^7.0.0
        version: 7.0.0

packages:

  pixelmatch@7.2.0:
    resolution: {integrity: sha512-xhcb4yHu9sM/G7foGzoLtXYcC0zHEaOXXjRKhGup0fw78Nf2Tkiapv4EQyMzrbcmQPsllAI7DbFY2UT7PlI9Pg==}
    hasBin: true

  playwright-core@1.63.0:
    resolution: {integrity: sha512-rYCsBF/M5HjUch52bbtVONEFjv6Xu8sm8h72dNlR5bzIE1fvC/bxgspzkjSfU+MweEMmPM8KJebG6nnyxo5mCg==}
    engines: {node: '>=20'}
    hasBin: true

  pngjs@7.0.0:
    resolution: {integrity: sha512-LKWqWJRhstyYo9pGvgor/ivk2w94eSjE3RGVuzLGlr3NmD8bf7RcYGze1mNdEHRP6TRP6rMuDHk5t44hnTRyow==}
    engines: {node: '>=14.19.0'}

snapshots:

  pixelmatch@7.2.0:
    dependencies:
      pngjs: 7.0.0

  playwright-core@1.63.0: {}

  pngjs@7.0.0: {}
